
Microsoft Visual Studio Solution File, Format Version 12.00
# Visual Studio Version 17
VisualStudioVersion = 17.7.34003.232
MinimumVisualStudioVersion = 10.0.40219.1
Project("{FAE04EC0-301F-11D3-BF4B-00C04F79EFBC}") = "ContactApi", "ContactApi\ContactApi.csproj", "{1703B7D7-DBDA-48A5-BB50-B786AAE51294}"
EndProject
Global
	GlobalSection(SolutionConfigurationPlatforms) = preSolution
		Debug|Any CPU = Debug|Any CPU
		Release|Any CPU = Release|Any CPU
	EndGlobalSection
	GlobalSection(ProjectConfigurationPlatforms) = postSolution
		{1703B7D7-DBDA-48A5-BB50-B786AAE51294}.Debug|Any CPU.ActiveCfg = Debug|Any CPU
		{1703B7D7-DBDA-48A5-BB50-B786AAE51294}.Debug|Any CPU.Build.0 = Debug|Any CPU
		{1703B7D7-DBDA-48A5-BB50-B786AAE51294}.Release|Any CPU.ActiveCfg = Release|Any CPU
		{1703B7D7-DBDA-48A5-BB50-B786AAE51294}.Release|Any CPU.Build.0 = Release|Any CPU
	EndGlobalSection
	GlobalSection(SolutionProperties) = preSolution
		HideSolutionNode = FALSE
	EndGlobalSection
	GlobalSection(ExtensibilityGlobals) = postSolution
		SolutionGuid = {EDA942CC-A301-4DE6-BD88-C3FADAC310E1}
	EndGlobalSection
EndGlobal
